
Microsoft Visual Studio Solution File, Format Version 12.00
# Visual Studio 15
VisualStudioVersion = 15.0.27428.2037
MinimumVisualStudioVersion = 10.0.40219.1
Project("{FAE04EC0-301F-11D3-BF4B-00C04F79EFBC}") = "ademo", "ademo\ademo.csproj", "{229215CF-0A22-4BEE-958D-6F4F8A191DCD}"
EndProject
Global
	GlobalSection(SolutionConfigurationPlatforms) = preSolution
		Debug|Any CPU = Debug|Any CPU
		Release|Any CPU = Release|Any CPU
	EndGlobalSection
	GlobalSection(ProjectConfigurationPlatforms) = postSolution
		{229215CF-0A22-4BEE-958D-6F4F8A191DCD}.Debug|Any CPU.ActiveCfg = Debug|Any CPU
		{229215CF-0A22-4BEE-958D-6F4F8A191DCD}.Debug|Any CPU.Build.0 = Debug|Any CPU
		{229215CF-0A22-4BEE-958D-6F4F8A191DCD}.Release|Any CPU.ActiveCfg = Release|Any CPU
		{229215CF-0A22-4BEE-958D-6F4F8A191DCD}.Release|Any CPU.Build.0 = Release|Any CPU
	EndGlobalSection
	GlobalSection(SolutionProperties) = preSolution
		HideSolutionNode = FALSE
	EndGlobalSection
	GlobalSection(ExtensibilityGlobals) = postSolution
		SolutionGuid = {CC3BAC69-54FA-4E5A-881A-232B3922A73F}
	EndGlobalSection
EndGlobal
